
Microsoft Visual Studio Solution File, Format Version 12.00
# Visual Studio 15
VisualStudioVersion = 15.0.27004.2010
MinimumVisualStudioVersion = 10.0.40219.1
Project("{FAE04EC0-301F-11D3-BF4B-00C04F79EFBC}") = "Checkout.BasketManagement.PlugIn", "Checkout.BasketManagement.PlugIn\Checkout.BasketManagement.PlugIn.csproj", "{C10FBC34-E71B-490C-8450-22F639566CB4}"
EndProject
Global
	GlobalSection(SolutionConfigurationPlatforms) = preSolution
		Debug|Any CPU = Debug|Any CPU
		Release|Any CPU = Release|Any CPU
	EndGlobalSection
	GlobalSection(ProjectConfigurationPlatforms) = postSolution
		{C10FBC34-E71B-490C-8450-22F639566CB4}.Debug|Any CPU.ActiveCfg = Debug|Any CPU
		{C10FBC34-E71B-490C-8450-22F639566CB4}.Debug|Any CPU.Build.0 = Debug|Any CPU
		{C10FBC34-E71B-490C-8450-22F639566CB4}.Release|Any CPU.ActiveCfg = Release|Any CPU
		{C10FBC34-E71B-490C-8450-22F639566CB4}.Release|Any CPU.Build.0 = Release|Any CPU
	EndGlobalSection
	GlobalSection(SolutionProperties) = preSolution
		HideSolutionNode = FALSE
	EndGlobalSection
	GlobalSection(ExtensibilityGlobals) = postSolution
		SolutionGuid = {7868C2CC-3459-4415-A384-19004E2F1B88}
	EndGlobalSection
EndGlobal
